// !$*UTF8*$!
{
	archiveVersion = 1;
	classes = {
	};
	objectVersion = 50;
	objects = {

/* Begin PBXBuildFile section */
		D692A0132579AA7B00A90FEF /* AppDelegate.swift in Sources */ = {isa = PBXBuildFile; fileRef = D692A0122579AA7B00A90FEF /* AppDelegate.swift */; };
		D692A0152579AA7B00A90FEF /* SceneDelegate.swift in Sources */ = {isa = PBXBuildFile; fileRef = D692A0142579AA7B00A90FEF /* SceneDelegate.swift */; };
		D692A0172579AA7B00A90FEF /* ViewController.swift in Sources */ = {isa = PBXBuildFile; fileRef = D692A0162579AA7B00A90FEF /* ViewController.swift */; };
		D692A01A2579AA7B00A90FEF /* Main.storyboard in Resources */ = {isa = PBXBuildFile; fileRef = D692A0182579AA7B00A90FEF /* Main.storyboard */; };
		D692A01D2579AA7B00A90FEF /* Recreation.xcdatamodeld in Sources */ = {isa = PBXBuildFile; fileRef = D692A01B2579AA7B00A90FEF /* Recreation.xcdatamodeld */; };
		D692A01F2579AA7F00A90FEF /* Assets.xcassets in Resources */ = {isa = PBXBuildFile; fileRef = D692A01E2579AA7F00A90FEF /* Assets.xcassets */; };
		D692A0222579AA7F00A90FEF /* LaunchScreen.storyboard in Resources */ = {isa = PBXBuildFile; fileRef = D692A0202579AA7F00A90FEF /* LaunchScreen.storyboard */; };
		D692A02B2579B96A00A90FEF /* nation.swift in Sources */ = {isa = PBXBuildFile; fileRef = D692A02A2579B96A00A90FEF /* nation.swift */; };
		D692A02D2579BBF000A90FEF /* nationgroup.swift in Sources */ = {isa = PBXBuildFile; fileRef = D692A02C2579BBF000A90FEF /* nationgroup.swift */; };
		D692A02F2579C8CC00A90FEF /* capitalCell.swift in Sources */ = {isa = PBXBuildFile; fileRef = D692A02E2579C8CC00A90FEF /* capitalCell.swift */; };
		D692A0332579CF6200A90FEF /* ReadVC.swift in Sources */ = {isa = PBXBuildFile; fileRef = D692A0322579CF6200A90FEF /* ReadVC.swift */; };
		D692A0352579D00400A90FEF /* readcell.swift in Sources */ = {isa = PBXBuildFile; fileRef = D692A0342579D00400A90FEF /* readcell.swift */; };
		D692A0372579D3E400A90FEF /* SwiftyJSON.swift in Sources */ = {isa = PBXBuildFile; fileRef = D692A0362579D3E400A90FEF /* SwiftyJSON.swift */; };
		D692A0392579DC3600A90FEF /* EditVC.swift in Sources */ = {isa = PBXBuildFile; fileRef = D692A0382579DC3600A90FEF /* EditVC.swift */; };
		D692A03C2579E28400A90FEF /* Localizable.strings in Resources */ = {isa = PBXBuildFile; fileRef = D692A03E2579E28400A90FEF /* Localizable.strings */; };
		D692A0412579E3C400A90FEF /* IntroVC.swift in Sources */ = {isa = PBXBuildFile; fileRef = D692A0402579E3C400A90FEF /* IntroVC.swift */; };
		D692A0432579E59500A90FEF /* bundle+info.swift in Sources */ = {isa = PBXBuildFile; fileRef = D692A0422579E59500A90FEF /* bundle+info.swift */; };
/* End PBXBuildFile section */

/* Begin PBXFileReference section */
		D692A00F2579AA7B00A90FEF /* Recreation.app */ = {isa = PBXFileReference; explicitFileType = wrapper.application; includeInIndex = 0; path = Recreation.app; sourceTree = BUILT_PRODUCTS_DIR; };
		D692A0122579AA7B00A90FEF /* AppDelegate.swift */ = {isa = PBXFileReference; lastKnownFileType = sourcecode.swift; path = AppDelegate.swift; sourceTree = "<group>"; };
		D692A0142579AA7B00A90FEF /* SceneDelegate.swift */ = {isa = PBXFileReference; lastKnownFileType = sourcecode.swift; path = SceneDelegate.swift; sourceTree = "<group>"; };
		D692A0162579AA7B00A90FEF /* ViewController.swift */ = {isa = PBXFileReference; lastKnownFileType = sourcecode.swift; path = ViewController.swift; sourceTree = "<group>"; };
		D692A0192579AA7B00A90FEF /* Base */ = {isa = PBXFileReference; lastKnownFileType = file.storyboard; name = Base; path = Base.lproj/Main.storyboard; sourceTree = "<group>"; };
		D692A01C2579AA7B00A90FEF /* Recreation.xcdatamodel */ = {isa = PBXFileReference; lastKnownFileType = wrapper.xcdatamodel; path = Recreation.xcdatamodel; sourceTree = "<group>"; };
		D692A01E2579AA7F00A90FEF /* Assets.xcassets */ = {isa = PBXFileReference; lastKnownFileType = folder.assetcatalog; path = Assets.xcassets; sourceTree = "<group>"; };
		D692A0212579AA7F00A90FEF /* Base */ = {isa = PBXFileReference; lastKnownFileType = file.storyboard; name = Base; path = Base.lproj/LaunchScreen.storyboard; sourceTree = "<group>"; };
		D692A0232579AA7F00A90FEF /* Info.plist */ = {isa = PBXFileReference; lastKnownFileType = text.plist.xml; path = Info.plist; sourceTree = "<group>"; };
		D692A02A2579B96A00A90FEF /* nation.swift */ = {isa = PBXFileReference; lastKnownFileType = sourcecode.swift; path = nation.swift; sourceTree = "<group>"; };
		D692A02C2579BBF000A90FEF /* nationgroup.swift */ = {isa = PBXFileReference; lastKnownFileType = sourcecode.swift; path = nationgroup.swift; sourceTree = "<group>"; };
		D692A02E2579C8CC00A90FEF /* capitalCell.swift */ = {isa = PBXFileReference; lastKnownFileType = sourcecode.swift; path = capitalCell.swift; sourceTree = "<group>"; };
		D692A0322579CF6200A90FEF /* ReadVC.swift */ = {isa = PBXFileReference; lastKnownFileType = sourcecode.swift; path = ReadVC.swift; sourceTree = "<group>"; };
		D692A0342579D00400A90FEF /* readcell.swift */ = {isa = PBXFileReference; lastKnownFileType = sourcecode.swift; path = readcell.swift; sourceTree = "<group>"; };
		D692A0362579D3E400A90FEF /* SwiftyJSON.swift */ = {isa = PBXFileReference; fileEncoding = 4; lastKnownFileType = sourcecode.swift; path = SwiftyJSON.swift; sourceTree = "<group>"; };
		D692A0382579DC3600A90FEF /* EditVC.swift */ = {isa = PBXFileReference; lastKnownFileType = sourcecode.swift; path = EditVC.swift; sourceTree = "<group>"; };
		D692A03D2579E28400A90FEF /* en */ = {isa = PBXFileReference; lastKnownFileType = text.plist.strings; name = en; path = en.lproj/Localizable.strings; sourceTree = "<group>"; };
		D692A03F2579E29F00A90FEF /* es */ = {isa = PBXFileReference; lastKnownFileType = text.plist.strings; name = es; path = es.lproj/Localizable.strings; sourceTree = "<group>"; };
		D692A0402579E3C400A90FEF /* IntroVC.swift */ = {isa = PBXFileReference; lastKnownFileType = sourcecode.swift; path = IntroVC.swift; sourceTree = "<group>"; };
		D692A0422579E59500A90FEF /* bundle+info.swift */ = {isa = PBXFileReference; lastKnownFileType = sourcecode.swift; path = "bundle+info.swift"; sourceTree = "<group>"; };
/* End PBXFileReference section */

/* Begin PBXFrameworksBuildPhase section */
		D692A00C2579AA7B00A90FEF /* Frameworks */ = {
			isa = PBXFrameworksBuildPhase;
			buildActionMask = 2147483647;
			files = (
			);
			runOnlyForDeploymentPostprocessing = 0;
		};
/* End PBXFrameworksBuildPhase section */

/* Begin PBXGroup section */
		D692A0062579AA7B00A90FEF = {
			isa = PBXGroup;
			children = (
				D692A0112579AA7B00A90FEF /* Recreation */,
				D692A0102579AA7B00A90FEF /* Products */,
			);
			sourceTree = "<group>";
		};
		D692A0102579AA7B00A90FEF /* Products */ = {
			isa = PBXGroup;
			children = (
				D692A00F2579AA7B00A90FEF /* Recreation.app */,
			);
			name = Products;
			sourceTree = "<group>";
		};
		D692A0112579AA7B00A90FEF /* Recreation */ = {
			isa = PBXGroup;
			children = (
				D692A0292579B94200A90FEF /* Model */,
				D692A0122579AA7B00A90FEF /* AppDelegate.swift */,
				D692A0142579AA7B00A90FEF /* SceneDelegate.swift */,
				D692A0162579AA7B00A90FEF /* ViewController.swift */,
				D692A0182579AA7B00A90FEF /* Main.storyboard */,
				D692A01E2579AA7F00A90FEF /* Assets.xcassets */,
				D692A0202579AA7F00A90FEF /* LaunchScreen.storyboard */,
				D692A0232579AA7F00A90FEF /* Info.plist */,
				D692A01B2579AA7B00A90FEF /* Recreation.xcdatamodeld */,
				D692A0362579D3E400A90FEF /* SwiftyJSON.swift */,
				D692A02E2579C8CC00A90FEF /* capitalCell.swift */,
				D692A0322579CF6200A90FEF /* ReadVC.swift */,
				D692A0342579D00400A90FEF /* readcell.swift */,
				D692A0382579DC3600A90FEF /* EditVC.swift */,
				D692A03E2579E28400A90FEF /* Localizable.strings */,
				D692A0402579E3C400A90FEF /* IntroVC.swift */,
				D692A0422579E59500A90FEF /* bundle+info.swift */,
			);
			path = Recreation;
			sourceTree = "<group>";
		};
		D692A0292579B94200A90FEF /* Model */ = {
			isa = PBXGroup;
			children = (
				D692A02A2579B96A00A90FEF /* nation.swift */,
				D692A02C2579BBF000A90FEF /* nationgroup.swift */,
			);
			path = Model;
			sourceTree = "<group>";
		};
/* End PBXGroup section */

/* Begin PBXNativeTarget section */
		D692A00E2579AA7B00A90FEF /* Recreation */ = {
			isa = PBXNativeTarget;
			buildConfigurationList = D692A0262579AA7F00A90FEF /* Build configuration list for PBXNativeTarget "Recreation" */;
			buildPhases = (
				D692A00B2579AA7B00A90FEF /* Sources */,
				D692A00C2579AA7B00A90FEF /* Frameworks */,
				D692A00D2579AA7B00A90FEF /* Resources */,
			);
			buildRules = (
			);
			dependencies = (
			);
			name = Recreation;
			productName = Recreation;
			productReference = D692A00F2579AA7B00A90FEF /* Recreation.app */;
			productType = "com.apple.product-type.application";
		};
/* End PBXNativeTarget section */

/* Begin PBXProject section */
		D692A0072579AA7B00A90FEF /* Project object */ = {
			isa = PBXProject;
			attributes = {
				LastSwiftUpdateCheck = 1170;
				LastUpgradeCheck = 1170;
				ORGANIZATIONNAME = "Prinaya Choubey";
				TargetAttributes = {
					D692A00E2579AA7B00A90FEF = {
						CreatedOnToolsVersion = 11.7;
					};
				};
			};
			buildConfigurationList = D692A00A2579AA7B00A90FEF /* Build configuration list for PBXProject "Recreation" */;
			compatibilityVersion = "Xcode 9.3";
			developmentRegion = en;
			hasScannedForEncodings = 0;
			knownRegions = (
				en,
				Base,
				es,
			);
			mainGroup = D692A0062579AA7B00A90FEF;
			productRefGroup = D692A0102579AA7B00A90FEF /* Products */;
			projectDirPath = "";
			projectRoot = "";
			targets = (
				D692A00E2579AA7B00A90FEF /* Recreation */,
			);
		};
/* End PBXProject section */

/* Begin PBXResourcesBuildPhase section */
		D692A00D2579AA7B00A90FEF /* Resources */ = {
			isa = PBXResourcesBuildPhase;
			buildActionMask = 2147483647;
			files = (
				D692A0222579AA7F00A90FEF /* LaunchScreen.storyboard in Resources */,
				D692A03C2579E28400A90FEF /* Localizable.strings in Resources */,
				D692A01F2579AA7F00A90FEF /* Assets.xcassets in Resources */,
				D692A01A2579AA7B00A90FEF /* Main.storyboard in Resources */,
			);
			runOnlyForDeploymentPostprocessing = 0;
		};
/* End PBXResourcesBuildPhase section */

/* Begin PBXSourcesBuildPhase section */
		D692A00B2579AA7B00A90FEF /* Sources */ = {
			isa = PBXSourcesBuildPhase;
			buildActionMask = 2147483647;
			files = (
				D692A0392579DC3600A90FEF /* EditVC.swift in Sources */,
				D692A0432579E59500A90FEF /* bundle+info.swift in Sources */,
				D692A0352579D00400A90FEF /* readcell.swift in Sources */,
				D692A02F2579C8CC00A90FEF /* capitalCell.swift in Sources */,
				D692A0172579AA7B00A90FEF /* ViewController.swift in Sources */,
				D692A0372579D3E400A90FEF /* SwiftyJSON.swift in Sources */,
				D692A0412579E3C400A90FEF /* IntroVC.swift in Sources */,
				D692A0132579AA7B00A90FEF /* AppDelegate.swift in Sources */,
				D692A02D2579BBF000A90FEF /* nationgroup.swift in Sources */,
				D692A0332579CF6200A90FEF /* ReadVC.swift in Sources */,
				D692A0152579AA7B00A90FEF /* SceneDelegate.swift in Sources */,
				D692A02B2579B96A00A90FEF /* nation.swift in Sources */,
				D692A01D2579AA7B00A90FEF /* Recreation.xcdatamodeld in Sources */,
			);
			runOnlyForDeploymentPostprocessing = 0;
		};
/* End PBXSourcesBuildPhase section */

/* Begin PBXVariantGroup section */
		D692A0182579AA7B00A90FEF /* Main.storyboard */ = {
			isa = PBXVariantGroup;
			children = (
				D692A0192579AA7B00A90FEF /* Base */,
			);
			name = Main.storyboard;
			sourceTree = "<group>";
		};
		D692A0202579AA7F00A90FEF /* LaunchScreen.storyboard */ = {
			isa = PBXVariantGroup;
			children = (
				D692A0212579AA7F00A90FEF /* Base */,
			);
			name = LaunchScreen.storyboard;
			sourceTree = "<group>";
		};
		D692A03E2579E28400A90FEF /* Localizable.strings */ = {
			isa = PBXVariantGroup;
			children = (
				D692A03D2579E28400A90FEF /* en */,
				D692A03F2579E29F00A90FEF /* es */,
			);
			name = Localizable.strings;
			sourceTree = "<group>";
		};
/* End PBXVariantGroup section */

/* Begin XCBuildConfiguration section */
		D692A0242579AA7F00A90FEF /* Debug */ = {
			isa = XCBuildConfiguration;
			buildSettings = {
				ALWAYS_SEARCH_USER_PATHS = NO;
				CLANG_ANALYZER_LOCALIZABILITY_NONLOCALIZED = YES;
				CLANG_ANALYZER_NONNULL = YES;
				CLANG_ANALYZER_NUMBER_OBJECT_CONVERSION = YES_AGGRESSIVE;
				CLANG_CXX_LANGUAGE_STANDARD = "gnu++14";
				CLANG_CXX_LIBRARY = "libc++";
				CLANG_ENABLE_MODULES = YES;
				CLANG_ENABLE_OBJC_ARC = YES;
				CLANG_ENABLE_OBJC_WEAK = YES;
				CLANG_WARN_BLOCK_CAPTURE_AUTORELEASING = YES;
				CLANG_WARN_BOOL_CONVERSION = YES;
				CLANG_WARN_COMMA = YES;
				CLANG_WARN_CONSTANT_CONVERSION = YES;
				CLANG_WARN_DEPRECATED_OBJC_IMPLEMENTATIONS = YES;
				CLANG_WARN_DIRECT_OBJC_ISA_USAGE = YES_ERROR;
				CLANG_WARN_DOCUMENTATION_COMMENTS = YES;
				CLANG_WARN_EMPTY_BODY = YES;
				CLANG_WARN_ENUM_CONVERSION = YES;
				CLANG_WARN_INFINITE_RECURSION = YES;
				CLANG_WARN_INT_CONVERSION = YES;
				CLANG_WARN_NON_LITERAL_NULL_CONVERSION = YES;
				CLANG_WARN_OBJC_IMPLICIT_RETAIN_SELF = YES;
				CLANG_WARN_OBJC_LITERAL_CONVERSION = YES;
				CLANG_WARN_OBJC_ROOT_CLASS = YES_ERROR;
				CLANG_WARN_RANGE_LOOP_ANALYSIS = YES;
				CLANG_WARN_STRICT_PROTOTYPES = YES;
				CLANG_WARN_SUSPICIOUS_MOVE = YES;
				CLANG_WARN_UNGUARDED_AVAILABILITY = YES_AGGRESSIVE;
				CLANG_WARN_UNREACHABLE_CODE = YES;
				CLANG_WARN__DUPLICATE_METHOD_MATCH = YES;
				COPY_PHASE_STRIP = NO;
				DEBUG_INFORMATION_FORMAT = dwarf;
				ENABLE_STRICT_OBJC_MSGSEND = YES;
				ENABLE_TESTABILITY = YES;
				GCC_C_LANGUAGE_STANDARD = gnu11;
				GCC_DYNAMIC_NO_PIC = NO;
				GCC_NO_COMMON_BLOCKS = YES;
				GCC_OPTIMIZATION_LEVEL = 0;
				GCC_PREPROCESSOR_DEFINITIONS = (
					"DEBUG=1",
					"$(inherited)",
				);
				GCC_WARN_64_TO_32_BIT_CONVERSION = YES;
				GCC_WARN_ABOUT_RETURN_TYPE = YES_ERROR;
				GCC_WARN_UNDECLARED_SELECTOR = YES;
				GCC_WARN_UNINITIALIZED_AUTOS = YES_AGGRESSIVE;
				GCC_WARN_UNUSED_FUNCTION = YES;
				GCC_WARN_UNUSED_VARIABLE = YES;
				IPHONEOS_DEPLOYMENT_TARGET = 13.7;
				MTL_ENABLE_DEBUG_INFO = INCLUDE_SOURCE;
				MTL_FAST_MATH = YES;
				ONLY_ACTIVE_ARCH = YES;
				SDKROOT = iphoneos;
				SWIFT_ACTIVE_COMPILATION_CONDITIONS = DEBUG;
				SWIFT_OPTIMIZATION_LEVEL = "-Onone";
			};
			name = Debug;
		};
		D692A0252579AA7F00A90FEF /* Release */ = {
			isa = XCBuildConfiguration;
			buildSettings = {
				ALWAYS_SEARCH_USER_PATHS = NO;
				CLANG_ANALYZER_LOCALIZABILITY_NONLOCALIZED = YES;
				CLANG_ANALYZER_NONNULL = YES;
				CLANG_ANALYZER_NUMBER_OBJECT_CONVERSION = YES_AGGRESSIVE;
				CLANG_CXX_LANGUAGE_STANDARD = "gnu++14";
				CLANG_CXX_LIBRARY = "libc++";
				CLANG_ENABLE_MODULES = YES;
				CLANG_ENABLE_OBJC_ARC = YES;
				CLANG_ENABLE_OBJC_WEAK = YES;
				CLANG_WARN_BLOCK_CAPTURE_AUTORELEASING = YES;
				CLANG_WARN_BOOL_CONVERSION = YES;
				CLANG_WARN_COMMA = YES;
				CLANG_WARN_CONSTANT_CONVERSION = YES;
				CLANG_WARN_DEPRECATED_OBJC_IMPLEMENTATIONS = YES;
				CLANG_WARN_DIRECT_OBJC_ISA_USAGE = YES_ERROR;
				CLANG_WARN_DOCUMENTATION_COMMENTS = YES;
				CLANG_WARN_EMPTY_BODY = YES;
				CLANG_WARN_ENUM_CONVERSION = YES;
				CLANG_WARN_INFINITE_RECURSION = YES;
				CLANG_WARN_INT_CONVERSION = YES;
				CLANG_WARN_NON_LITERAL_NULL_CONVERSION = YES;
				CLANG_WARN_OBJC_IMPLICIT_RETAIN_SELF = YES;
				CLANG_WARN_OBJC_LITERAL_CONVERSION = YES;
				CLANG_WARN_OBJC_ROOT_CLASS = YES_ERROR;
				CLANG_WARN_RANGE_LOOP_ANALYSIS = YES;
				CLANG_WARN_STRICT_PROTOTYPES = YES;
				CLANG_WARN_SUSPICIOUS_MOVE = YES;
				CLANG_WARN_UNGUARDED_AVAILABILITY = YES_AGGRESSIVE;
				CLANG_WARN_UNREACHABLE_CODE = YES;
				CLANG_WARN__DUPLICATE_METHOD_MATCH = YES;
				COPY_PHASE_STRIP = NO;
				DEBUG_INFORMATION_FORMAT = "dwarf-with-dsym";
				ENABLE_NS_ASSERTIONS = NO;
				ENABLE_STRICT_OBJC_MSGSEND = YES;
				GCC_C_LANGUAGE_STANDARD = gnu11;
				GCC_NO_COMMON_BLOCKS = YES;
				GCC_WARN_64_TO_32_BIT_CONVERSION = YES;
				GCC_WARN_ABOUT_RETURN_TYPE = YES_ERROR;
				GCC_WARN_UNDECLARED_SELECTOR = YES;
				GCC_WARN_UNINITIALIZED_AUTOS = YES_AGGRESSIVE;
				GCC_WARN_UNUSED_FUNCTION = YES;
				GCC_WARN_UNUSED_VARIABLE = YES;
				IPHONEOS_DEPLOYMENT_TARGET = 13.7;
				MTL_ENABLE_DEBUG_INFO = NO;
				MTL_FAST_MATH = YES;
				SDKROOT = iphoneos;
				SWIFT_COMPILATION_MODE = wholemodule;
				SWIFT_OPTIMIZATION_LEVEL = "-O";
				VALIDATE_PRODUCT = YES;
			};
			name = Release;
		};
		D692A0272579AA7F00A90FEF /* Debug */ = {
			isa = XCBuildConfiguration;
			buildSettings = {
				ASSETCATALOG_COMPILER_APPICON_NAME = AppIcon;
				CODE_SIGN_STYLE = Automatic;
				INFOPLIST_FILE = Recreation/Info.plist;
				LD_RUNPATH_SEARCH_PATHS = (
					"$(inherited)",
					"@executable_path/Frameworks",
				);
				PRODUCT_BUNDLE_IDENTIFIER = com.pchoubey.Recreation;
				PRODUCT_NAME = "$(TARGET_NAME)";
				SWIFT_VERSION = 5.0;
				TARGETED_DEVICE_FAMILY = "1,2";
			};
			name = Debug;
		};
		D692A0282579AA7F00A90FEF /* Release */ = {
			isa = XCBuildConfiguration;
			buildSettings = {
				ASSETCATALOG_COMPILER_APPICON_NAME = AppIcon;
				CODE_SIGN_STYLE = Automatic;
				INFOPLIST_FILE = Recreation/Info.plist;
				LD_RUNPATH_SEARCH_PATHS = (
					"$(inherited)",
					"@executable_path/Frameworks",
				);
				PRODUCT_BUNDLE_IDENTIFIER = com.pchoubey.Recreation;
				PRODUCT_NAME = "$(TARGET_NAME)";
				SWIFT_VERSION = 5.0;
				TARGETED_DEVICE_FAMILY = "1,2";
			};
			name = Release;
		};
/* End XCBuildConfiguration section */

/* Begin XCConfigurationList section */
		D692A00A2579AA7B00A90FEF /* Build configuration list for PBXProject "Recreation" */ = {
			isa = XCConfigurationList;
			buildConfigurations = (
				D692A0242579AA7F00A90FEF /* Debug */,
				D692A0252579AA7F00A90FEF /* Release */,
			);
			defaultConfigurationIsVisible = 0;
			defaultConfigurationName = Release;
		};
		D692A0262579AA7F00A90FEF /* Build configuration list for PBXNativeTarget "Recreation" */ = {
			isa = XCConfigurationList;
			buildConfigurations = (
				D692A0272579AA7F00A90FEF /* Debug */,
				D692A0282579AA7F00A90FEF /* Release */,
			);
			defaultConfigurationIsVisible = 0;
			defaultConfigurationName = Release;
		};
/* End XCConfigurationList section */

/* Begin XCVersionGroup section */
		D692A01B2579AA7B00A90FEF /* Recreation.xcdatamodeld */ = {
			isa = XCVersionGroup;
			children = (
				D692A01C2579AA7B00A90FEF /* Recreation.xcdatamodel */,
			);
			currentVersion = D692A01C2579AA7B00A90FEF /* Recreation.xcdatamodel */;
			path = Recreation.xcdatamodeld;
			sourceTree = "<group>";
			versionGroupType = wrapper.xcdatamodel;
		};
/* End XCVersionGroup section */
	};
	rootObject = D692A0072579AA7B00A90FEF /* Project object */;
}
